
Microsoft Visual Studio Solution File, Format Version 12.00
# Visual Studio Version 17
Project("{8BC9CEB8-8B4A-11D0-8D11-00A0C91BC942}") = "EnTT", "EnTT.vcxproj", "{C0C4847C-ACFB-850D-55E8-6B1041FE010F}"
EndProject
Project("{8BC9CEB8-8B4A-11D0-8D11-00A0C91BC942}") = "AnEngine", "..\..\AnEngine.vcxproj", "{2A35E534-1602-4040-3F1B-2EE82B4775CE}"
EndProject
Project("{8BC9CEB8-8B4A-11D0-8D11-00A0C91BC942}") = "Crank", "..\..\..\Crank\Crank.vcxproj", "{5498FB0C-C0AC-23BE-892E-C71DF50120EF}"
EndProject
Project("{8BC9CEB8-8B4A-11D0-8D11-00A0C91BC942}") = "Sandbox", "..\..\..\Sandbox\Sandbox.vcxproj", "{F4C124E3-60A1-A37E-69B9-2E55D5170AE0}"
EndProject
Global
	GlobalSection(SolutionConfigurationPlatforms) = preSolution
		Debug|x64 = Debug|x64
		Release|x64 = Release|x64
	EndGlobalSection
	GlobalSection(ProjectConfigurationPlatforms) = postSolution
		{C0C4847C-ACFB-850D-55E8-6B1041FE010F}.Debug|x64.ActiveCfg = Debug|x64
		{C0C4847C-ACFB-850D-55E8-6B1041FE010F}.Debug|x64.Build.0 = Debug|x64
		{C0C4847C-ACFB-850D-55E8-6B1041FE010F}.Release|x64.ActiveCfg = Release|x64
		{C0C4847C-ACFB-850D-55E8-6B1041FE010F}.Release|x64.Build.0 = Release|x64
		{2A35E534-1602-4040-3F1B-2EE82B4775CE}.Debug|x64.ActiveCfg = Debug|x64
		{2A35E534-1602-4040-3F1B-2EE82B4775CE}.Debug|x64.Build.0 = Debug|x64
		{2A35E534-1602-4040-3F1B-2EE82B4775CE}.Release|x64.ActiveCfg = Release|x64
		{2A35E534-1602-4040-3F1B-2EE82B4775CE}.Release|x64.Build.0 = Release|x64
		{5498FB0C-C0AC-23BE-892E-C71DF50120EF}.Debug|x64.ActiveCfg = Debug|x64
		{5498FB0C-C0AC-23BE-892E-C71DF50120EF}.Debug|x64.Build.0 = Debug|x64
		{5498FB0C-C0AC-23BE-892E-C71DF50120EF}.Release|x64.ActiveCfg = Release|x64
		{5498FB0C-C0AC-23BE-892E-C71DF50120EF}.Release|x64.Build.0 = Release|x64
		{F4C124E3-60A1-A37E-69B9-2E55D5170AE0}.Debug|x64.ActiveCfg = Debug|x64
		{F4C124E3-60A1-A37E-69B9-2E55D5170AE0}.Debug|x64.Build.0 = Debug|x64
		{F4C124E3-60A1-A37E-69B9-2E55D5170AE0}.Release|x64.ActiveCfg = Release|x64
		{F4C124E3-60A1-A37E-69B9-2E55D5170AE0}.Release|x64.Build.0 = Release|x64
	EndGlobalSection
	GlobalSection(SolutionProperties) = preSolution
		HideSolutionNode = FALSE
	EndGlobalSection
EndGlobal
